
Microsoft Visual Studio Solution File, Format Version 12.00
# Visual Studio Version 16
VisualStudioVersion = 16.0.31112.23
MinimumVisualStudioVersion = 10.0.40219.1
Project("{9A19103F-16F7-4668-BE54-9A1E7A4F7556}") = "MyMountainAscents.UI", "MyMountainAscents.UI\MyMountainAscents.UI.csproj", "{655A26F5-7D27-4A8C-9B01-04F87D13C97D}"
EndProject
Project("{9A19103F-16F7-4668-BE54-9A1E7A4F7556}") = "MyMountainAscents.API", "MyMountainAscents.API\MyMountainAscents.API.csproj", "{6B8906B9-8F7C-45CD-9878-054F9954929F}"
EndProject
Project("{9A19103F-16F7-4668-BE54-9A1E7A4F7556}") = "MyMountainAscents.Data", "MyMountainAscents.Data\MyMountainAscents.Data.csproj", "{2FC4EFDD-4D55-4FFE-B9A1-5E8B672DFF74}"
EndProject
Project("{FAE04EC0-301F-11D3-BF4B-00C04F79EFBC}") = "MyMountainAscents.UWP", "MyMountainAscents.UWP\MyMountainAscents.UWP.csproj", "{85536470-9F78-4F4E-8DFD-0D2C2BA9E5C6}"
EndProject
Global
	GlobalSection(SolutionConfigurationPlatforms) = preSolution
		Debug|Any CPU = Debug|Any CPU
		Debug|ARM = Debug|ARM
		Debug|ARM64 = Debug|ARM64
		Debug|x64 = Debug|x64
		Debug|x86 = Debug|x86
		Release|Any CPU = Release|Any CPU
		Release|ARM = Release|ARM
		Release|ARM64 = Release|ARM64
		Release|x64 = Release|x64
		Release|x86 = Release|x86
	EndGlobalSection
	GlobalSection(ProjectConfigurationPlatforms) = postSolution
		{655A26F5-7D27-4A8C-9B01-04F87D13C97D}.Debug|Any CPU.ActiveCfg = Debug|Any CPU
		{655A26F5-7D27-4A8C-9B01-04F87D13C97D}.Debug|Any CPU.Build.0 = Debug|Any CPU
		{655A26F5-7D27-4A8C-9B01-04F87D13C97D}.Debug|ARM.ActiveCfg = Debug|Any CPU
		{655A26F5-7D27-4A8C-9B01-04F87D13C97D}.Debug|ARM.Build.0 = Debug|Any CPU
		{655A26F5-7D27-4A8C-9B01-04F87D13C97D}.Debug|ARM64.ActiveCfg = Debug|Any CPU
		{655A26F5-7D27-4A8C-9B01-04F87D13C97D}.Debug|ARM64.Build.0 = Debug|Any CPU
		{655A26F5-7D27-4A8C-9B01-04F87D13C97D}.Debug|x64.ActiveCfg = Debug|Any CPU
		{655A26F5-7D27-4A8C-9B01-04F87D13C97D}.Debug|x64.Build.0 = Debug|Any CPU
		{655A26F5-7D27-4A8C-9B01-04F87D13C97D}.Debug|x86.ActiveCfg = Debug|Any CPU
		{655A26F5-7D27-4A8C-9B01-04F87D13C97D}.Debug|x86.Build.0 = Debug|Any CPU
		{655A26F5-7D27-4A8C-9B01-04F87D13C97D}.Release|Any CPU.ActiveCfg = Release|Any CPU
		{655A26F5-7D27-4A8C-9B01-04F87D13C97D}.Release|Any CPU.Build.0 = Release|Any CPU
		{655A26F5-7D27-4A8C-9B01-04F87D13C97D}.Release|ARM.ActiveCfg = Release|Any CPU
		{655A26F5-7D27-4A8C-9B01-04F87D13C97D}.Release|ARM.Build.0 = Release|Any CPU
		{655A26F5-7D27-4A8C-9B01-04F87D13C97D}.Release|ARM64.ActiveCfg = Release|Any CPU
		{655A26F5-7D27-4A8C-9B01-04F87D13C97D}.Release|ARM64.Build.0 = Release|Any CPU
		{655A26F5-7D27-4A8C-9B01-04F87D13C97D}.Release|x64.ActiveCfg = Release|Any CPU
		{655A26F5-7D27-4A8C-9B01-04F87D13C97D}.Release|x64.Build.0 = Release|Any CPU
		{655A26F5-7D27-4A8C-9B01-04F87D13C97D}.Release|x86.ActiveCfg = Release|Any CPU
		{655A26F5-7D27-4A8C-9B01-04F87D13C97D}.Release|x86.Build.0 = Release|Any CPU
		{6B8906B9-8F7C-45CD-9878-054F9954929F}.Debug|Any CPU.ActiveCfg = Debug|Any CPU
		{6B8906B9-8F7C-45CD-9878-054F9954929F}.Debug|Any CPU.Build.0 = Debug|Any CPU
		{6B8906B9-8F7C-45CD-9878-054F9954929F}.Debug|ARM.ActiveCfg = Debug|Any CPU
		{6B8906B9-8F7C-45CD-9878-054F9954929F}.Debug|ARM.Build.0 = Debug|Any CPU
		{6B8906B9-8F7C-45CD-9878-054F9954929F}.Debug|ARM64.ActiveCfg = Debug|Any CPU
		{6B8906B9-8F7C-45CD-9878-054F9954929F}.Debug|ARM64.Build.0 = Debug|Any CPU
		{6B8906B9-8F7C-45CD-9878-054F9954929F}.Debug|x64.ActiveCfg = Debug|Any CPU
		{6B8906B9-8F7C-45CD-9878-054F9954929F}.Debug|x64.Build.0 = Debug|Any CPU
		{6B8906B9-8F7C-45CD-9878-054F9954929F}.Debug|x86.ActiveCfg = Debug|Any CPU
		{6B8906B9-8F7C-45CD-9878-054F9954929F}.Debug|x86.Build.0 = Debug|Any CPU
		{6B8906B9-8F7C-45CD-9878-054F9954929F}.Release|Any CPU.ActiveCfg = Release|Any CPU
		{6B8906B9-8F7C-45CD-9878-054F9954929F}.Release|Any CPU.Build.0 = Release|Any CPU
		{6B8906B9-8F7C-45CD-9878-054F9954929F}.Release|ARM.ActiveCfg = Release|Any CPU
		{6B8906B9-8F7C-45CD-9878-054F9954929F}.Release|ARM.Build.0 = Release|Any CPU
		{6B8906B9-8F7C-45CD-9878-054F9954929F}.Release|ARM64.ActiveCfg = Release|Any CPU
		{6B8906B9-8F7C-45CD-9878-054F9954929F}.Release|ARM64.Build.0 = Release|Any CPU
		{6B8906B9-8F7C-45CD-9878-054F9954929F}.Release|x64.ActiveCfg = Release|Any CPU
		{6B8906B9-8F7C-45CD-9878-054F9954929F}.Release|x64.Build.0 = Release|Any CPU
		{6B8906B9-8F7C-45CD-9878-054F9954929F}.Release|x86.ActiveCfg = Release|Any CPU
		{6B8906B9-8F7C-45CD-9878-054F9954929F}.Release|x86.Build.0 = Release|Any CPU
		{2FC4EFDD-4D55-4FFE-B9A1-5E8B672DFF74}.Debug|Any CPU.ActiveCfg = Debug|Any CPU
		{2FC4EFDD-4D55-4FFE-B9A1-5E8B672DFF74}.Debug|Any CPU.Build.0 = Debug|Any CPU
		{2FC4EFDD-4D55-4FFE-B9A1-5E8B672DFF74}.Debug|ARM.ActiveCfg = Debug|Any CPU
		{2FC4EFDD-4D55-4FFE-B9A1-5E8B672DFF74}.Debug|ARM.Build.0 = Debug|Any CPU
		{2FC4EFDD-4D55-4FFE-B9A1-5E8B672DFF74}.Debug|ARM64.ActiveCfg = Debug|Any CPU
		{2FC4EFDD-4D55-4FFE-B9A1-5E8B672DFF74}.Debug|ARM64.Build.0 = Debug|Any CPU
		{2FC4EFDD-4D55-4FFE-B9A1-5E8B672DFF74}.Debug|x64.ActiveCfg = Debug|Any CPU
		{2FC4EFDD-4D55-4FFE-B9A1-5E8B672DFF74}.Debug|x64.Build.0 = Debug|Any CPU
		{2FC4EFDD-4D55-4FFE-B9A1-5E8B672DFF74}.Debug|x86.ActiveCfg = Debug|Any CPU
		{2FC4EFDD-4D55-4FFE-B9A1-5E8B672DFF74}.Debug|x86.Build.0 = Debug|Any CPU
		{2FC4EFDD-4D55-4FFE-B9A1-5E8B672DFF74}.Release|Any CPU.ActiveCfg = Release|Any CPU
		{2FC4EFDD-4D55-4FFE-B9A1-5E8B672DFF74}.Release|Any CPU.Build.0 = Release|Any CPU
		{2FC4EFDD-4D55-4FFE-B9A1-5E8B672DFF74}.Release|ARM.ActiveCfg = Release|Any CPU
		{2FC4EFDD-4D55-4FFE-B9A1-5E8B672DFF74}.Release|ARM.Build.0 = Release|Any CPU
		{2FC4EFDD-4D55-4FFE-B9A1-5E8B672DFF74}.Release|ARM64.ActiveCfg = Release|Any CPU
		{2FC4EFDD-4D55-4FFE-B9A1-5E8B672DFF74}.Release|ARM64.Build.0 = Release|Any CPU
		{2FC4EFDD-4D55-4FFE-B9A1-5E8B672DFF74}.Release|x64.ActiveCfg = Release|Any CPU
		{2FC4EFDD-4D55-4FFE-B9A1-5E8B672DFF74}.Release|x64.Build.0 = Release|Any CPU
		{2FC4EFDD-4D55-4FFE-B9A1-5E8B672DFF74}.Release|x86.ActiveCfg = Release|Any CPU
		{2FC4EFDD-4D55-4FFE-B9A1-5E8B672DFF74}.Release|x86.Build.0 = Release|Any CPU
		{85536470-9F78-4F4E-8DFD-0D2C2BA9E5C6}.Debug|Any CPU.ActiveCfg = Debug|x86
		{85536470-9F78-4F4E-8DFD-0D2C2BA9E5C6}.Debug|ARM.ActiveCfg = Debug|ARM
		{85536470-9F78-4F4E-8DFD-0D2C2BA9E5C6}.Debug|ARM.Build.0 = Debug|ARM
		{85536470-9F78-4F4E-8DFD-0D2C2BA9E5C6}.Debug|ARM.Deploy.0 = Debug|ARM
		{85536470-9F78-4F4E-8DFD-0D2C2BA9E5C6}.Debug|ARM64.ActiveCfg = Debug|ARM64
		{85536470-9F78-4F4E-8DFD-0D2C2BA9E5C6}.Debug|ARM64.Build.0 = Debug|ARM64
		{85536470-9F78-4F4E-8DFD-0D2C2BA9E5C6}.Debug|ARM64.Deploy.0 = Debug|ARM64
		{85536470-9F78-4F4E-8DFD-0D2C2BA9E5C6}.Debug|x64.ActiveCfg = Debug|x64
		{85536470-9F78-4F4E-8DFD-0D2C2BA9E5C6}.Debug|x64.Build.0 = Debug|x64
		{85536470-9F78-4F4E-8DFD-0D2C2BA9E5C6}.Debug|x64.Deploy.0 = Debug|x64
		{85536470-9F78-4F4E-8DFD-0D2C2BA9E5C6}.Debug|x86.ActiveCfg = Debug|x86
		{85536470-9F78-4F4E-8DFD-0D2C2BA9E5C6}.Debug|x86.Build.0 = Debug|x86
		{85536470-9F78-4F4E-8DFD-0D2C2BA9E5C6}.Debug|x86.Deploy.0 = Debug|x86
		{85536470-9F78-4F4E-8DFD-0D2C2BA9E5C6}.Release|Any CPU.ActiveCfg = Release|x86
		{85536470-9F78-4F4E-8DFD-0D2C2BA9E5C6}.Release|ARM.ActiveCfg = Release|ARM
		{85536470-9F78-4F4E-8DFD-0D2C2BA9E5C6}.Release|ARM.Build.0 = Release|ARM
		{85536470-9F78-4F4E-8DFD-0D2C2BA9E5C6}.Release|ARM.Deploy.0 = Release|ARM
		{85536470-9F78-4F4E-8DFD-0D2C2BA9E5C6}.Release|ARM64.ActiveCfg = Release|ARM64
		{85536470-9F78-4F4E-8DFD-0D2C2BA9E5C6}.Release|ARM64.Build.0 = Release|ARM64
		{85536470-9F78-4F4E-8DFD-0D2C2BA9E5C6}.Release|ARM64.Deploy.0 = Release|ARM64
		{85536470-9F78-4F4E-8DFD-0D2C2BA9E5C6}.Release|x64.ActiveCfg = Release|x64
		{85536470-9F78-4F4E-8DFD-0D2C2BA9E5C6}.Release|x64.Build.0 = Release|x64
		{85536470-9F78-4F4E-8DFD-0D2C2BA9E5C6}.Release|x64.Deploy.0 = Release|x64
		{85536470-9F78-4F4E-8DFD-0D2C2BA9E5C6}.Release|x86.ActiveCfg = Release|x86
		{85536470-9F78-4F4E-8DFD-0D2C2BA9E5C6}.Release|x86.Build.0 = Release|x86
		{85536470-9F78-4F4E-8DFD-0D2C2BA9E5C6}.Release|x86.Deploy.0 = Release|x86
	EndGlobalSection
	GlobalSection(SolutionProperties) = preSolution
		HideSolutionNode = FALSE
	EndGlobalSection
	GlobalSection(ExtensibilityGlobals) = postSolution
		SolutionGuid = {9067D80E-C7C8-44A5-A705-D040887DC335}
	EndGlobalSection
EndGlobal
